
Microsoft Visual Studio Solution File, Format Version 12.00
# Visual Studio Version 17
VisualStudioVersion = 17.6.33815.320
MinimumVisualStudioVersion = 10.0.40219.1
Project("{9A19103F-16F7-4668-BE54-9A1E7A4F7556}") = "WebShop.Domain", "WebShop.Domain\WebShop.Domain.csproj", "{5B5602FD-9EAE-47BC-B491-BED263A99262}"
EndProject
Project("{2150E333-8FDC-42A3-9474-1A3956D46DE8}") = "Core", "Core", "{BD2508FF-74E5-4A1C-ADC1-4C7003752089}"
EndProject
Project("{2150E333-8FDC-42A3-9474-1A3956D46DE8}") = "Infrastructure", "Infrastructure", "{0C9FBDF8-5CA4-4AD8-B8E3-6BAEDA645A45}"
EndProject
Project("{2150E333-8FDC-42A3-9474-1A3956D46DE8}") = "Presentation", "Presentation", "{6A39C09B-11FA-4488-8E9A-F4F54289AEC9}"
EndProject
Project("{2150E333-8FDC-42A3-9474-1A3956D46DE8}") = "Tests", "Tests", "{C4A15C88-6BA0-4092-9B4D-736C8D780CC6}"
EndProject
Project("{9A19103F-16F7-4668-BE54-9A1E7A4F7556}") = "WebShop.API.Categories", "WebShop.WebAPI\WebShop.API.Categories.csproj", "{8991589D-C13A-46EE-BE9B-AF1F6000B2DE}"
EndProject
Project("{9A19103F-16F7-4668-BE54-9A1E7A4F7556}") = "WebShop.Persistence", "WebShop.Persistence\WebShop.Persistence.csproj", "{C0977481-9D4F-407A-808B-C4377F3C3F24}"
EndProject
Project("{9A19103F-16F7-4668-BE54-9A1E7A4F7556}") = "WebShop.Application", "WebShop.Application\WebShop.Application.csproj", "{E4EE2ED3-EDD7-4F83-9BC2-D8E9CB8831A9}"
EndProject
Project("{FAE04EC0-301F-11D3-BF4B-00C04F79EFBC}") = "WebShop.Dto", "WebShop.Dto\WebShop.Dto.csproj", "{8EE5C80B-7C30-4A81-95DE-A6F48C7312A0}"
EndProject
Project("{2150E333-8FDC-42A3-9474-1A3956D46DE8}") = "API", "API", "{AA0A6265-54A1-408E-9313-521612CAED0A}"
EndProject
Global
	GlobalSection(SolutionConfigurationPlatforms) = preSolution
		Debug|Any CPU = Debug|Any CPU
		Release|Any CPU = Release|Any CPU
	EndGlobalSection
	GlobalSection(ProjectConfigurationPlatforms) = postSolution
		{5B5602FD-9EAE-47BC-B491-BED263A99262}.Debug|Any CPU.ActiveCfg = Debug|Any CPU
		{5B5602FD-9EAE-47BC-B491-BED263A99262}.Debug|Any CPU.Build.0 = Debug|Any CPU
		{5B5602FD-9EAE-47BC-B491-BED263A99262}.Release|Any CPU.ActiveCfg = Release|Any CPU
		{5B5602FD-9EAE-47BC-B491-BED263A99262}.Release|Any CPU.Build.0 = Release|Any CPU
		{8991589D-C13A-46EE-BE9B-AF1F6000B2DE}.Debug|Any CPU.ActiveCfg = Debug|Any CPU
		{8991589D-C13A-46EE-BE9B-AF1F6000B2DE}.Debug|Any CPU.Build.0 = Debug|Any CPU
		{8991589D-C13A-46EE-BE9B-AF1F6000B2DE}.Release|Any CPU.ActiveCfg = Release|Any CPU
		{8991589D-C13A-46EE-BE9B-AF1F6000B2DE}.Release|Any CPU.Build.0 = Release|Any CPU
		{C0977481-9D4F-407A-808B-C4377F3C3F24}.Debug|Any CPU.ActiveCfg = Debug|Any CPU
		{C0977481-9D4F-407A-808B-C4377F3C3F24}.Debug|Any CPU.Build.0 = Debug|Any CPU
		{C0977481-9D4F-407A-808B-C4377F3C3F24}.Release|Any CPU.ActiveCfg = Release|Any CPU
		{C0977481-9D4F-407A-808B-C4377F3C3F24}.Release|Any CPU.Build.0 = Release|Any CPU
		{E4EE2ED3-EDD7-4F83-9BC2-D8E9CB8831A9}.Debug|Any CPU.ActiveCfg = Debug|Any CPU
		{E4EE2ED3-EDD7-4F83-9BC2-D8E9CB8831A9}.Debug|Any CPU.Build.0 = Debug|Any CPU
		{E4EE2ED3-EDD7-4F83-9BC2-D8E9CB8831A9}.Release|Any CPU.ActiveCfg = Release|Any CPU
		{E4EE2ED3-EDD7-4F83-9BC2-D8E9CB8831A9}.Release|Any CPU.Build.0 = Release|Any CPU
		{8EE5C80B-7C30-4A81-95DE-A6F48C7312A0}.Debug|Any CPU.ActiveCfg = Debug|Any CPU
		{8EE5C80B-7C30-4A81-95DE-A6F48C7312A0}.Debug|Any CPU.Build.0 = Debug|Any CPU
		{8EE5C80B-7C30-4A81-95DE-A6F48C7312A0}.Release|Any CPU.ActiveCfg = Release|Any CPU
		{8EE5C80B-7C30-4A81-95DE-A6F48C7312A0}.Release|Any CPU.Build.0 = Release|Any CPU
	EndGlobalSection
	GlobalSection(SolutionProperties) = preSolution
		HideSolutionNode = FALSE
	EndGlobalSection
	GlobalSection(NestedProjects) = preSolution
		{5B5602FD-9EAE-47BC-B491-BED263A99262} = {BD2508FF-74E5-4A1C-ADC1-4C7003752089}
		{8991589D-C13A-46EE-BE9B-AF1F6000B2DE} = {AA0A6265-54A1-408E-9313-521612CAED0A}
		{C0977481-9D4F-407A-808B-C4377F3C3F24} = {0C9FBDF8-5CA4-4AD8-B8E3-6BAEDA645A45}
		{E4EE2ED3-EDD7-4F83-9BC2-D8E9CB8831A9} = {BD2508FF-74E5-4A1C-ADC1-4C7003752089}
		{8EE5C80B-7C30-4A81-95DE-A6F48C7312A0} = {6A39C09B-11FA-4488-8E9A-F4F54289AEC9}
		{AA0A6265-54A1-408E-9313-521612CAED0A} = {6A39C09B-11FA-4488-8E9A-F4F54289AEC9}
	EndGlobalSection
	GlobalSection(ExtensibilityGlobals) = postSolution
		SolutionGuid = {ED884FF7-2D3C-4A73-A3AC-A968B37FD576}
	EndGlobalSection
EndGlobal
